
Microsoft Visual Studio Solution File, Format Version 12.00
# Visual Studio 15
VisualStudioVersion = 15.0.25920.0
MinimumVisualStudioVersion = 10.0.40219.1
Project("{9A19103F-16F7-4668-BE54-9A1E7A4F7556}") = "JsonPackageReference", "ProjectJsonTask\JsonPackageReference.csproj", "{A8B22455-E3C2-4B89-A904-B71928CB181D}"
EndProject
Project("{9A19103F-16F7-4668-BE54-9A1E7A4F7556}") = "ProjectAnyBase", "ProjectAnyBase\ProjectAnyBase.csproj", "{385D9089-688E-4351-AC87-85AD090C183B}"
EndProject
Project("{9A19103F-16F7-4668-BE54-9A1E7A4F7556}") = "ProjectJsonApp", "ProjectJsonApp\ProjectJsonApp.csproj", "{6F595579-E6EF-4032-A0AF-1A9BAF18562B}"
EndProject
Project("{9A19103F-16F7-4668-BE54-9A1E7A4F7556}") = "ProjectAnyTests", "ProjectAnyTests\ProjectAnyTests.csproj", "{3F836684-33B5-4A5E-A982-35B90F7055CC}"
EndProject
Global
	GlobalSection(SolutionConfigurationPlatforms) = preSolution
		Debug|Any CPU = Debug|Any CPU
		Release|Any CPU = Release|Any CPU
	EndGlobalSection
	GlobalSection(ProjectConfigurationPlatforms) = postSolution
		{A8B22455-E3C2-4B89-A904-B71928CB181D}.Debug|Any CPU.ActiveCfg = Debug|Any CPU
		{A8B22455-E3C2-4B89-A904-B71928CB181D}.Debug|Any CPU.Build.0 = Debug|Any CPU
		{A8B22455-E3C2-4B89-A904-B71928CB181D}.Release|Any CPU.ActiveCfg = Release|Any CPU
		{A8B22455-E3C2-4B89-A904-B71928CB181D}.Release|Any CPU.Build.0 = Release|Any CPU
		{385D9089-688E-4351-AC87-85AD090C183B}.Debug|Any CPU.ActiveCfg = Debug|Any CPU
		{385D9089-688E-4351-AC87-85AD090C183B}.Debug|Any CPU.Build.0 = Debug|Any CPU
		{385D9089-688E-4351-AC87-85AD090C183B}.Release|Any CPU.ActiveCfg = Release|Any CPU
		{385D9089-688E-4351-AC87-85AD090C183B}.Release|Any CPU.Build.0 = Release|Any CPU
		{6F595579-E6EF-4032-A0AF-1A9BAF18562B}.Debug|Any CPU.ActiveCfg = Debug|Any CPU
		{6F595579-E6EF-4032-A0AF-1A9BAF18562B}.Debug|Any CPU.Build.0 = Debug|Any CPU
		{6F595579-E6EF-4032-A0AF-1A9BAF18562B}.Release|Any CPU.ActiveCfg = Release|Any CPU
		{6F595579-E6EF-4032-A0AF-1A9BAF18562B}.Release|Any CPU.Build.0 = Release|Any CPU
		{3F836684-33B5-4A5E-A982-35B90F7055CC}.Debug|Any CPU.ActiveCfg = Debug|Any CPU
		{3F836684-33B5-4A5E-A982-35B90F7055CC}.Debug|Any CPU.Build.0 = Debug|Any CPU
		{3F836684-33B5-4A5E-A982-35B90F7055CC}.Release|Any CPU.ActiveCfg = Release|Any CPU
		{3F836684-33B5-4A5E-A982-35B90F7055CC}.Release|Any CPU.Build.0 = Release|Any CPU
	EndGlobalSection
	GlobalSection(SolutionProperties) = preSolution
		HideSolutionNode = FALSE
	EndGlobalSection
EndGlobal
